
Microsoft Visual Studio Solution File, Format Version 12.00
# Visual Studio Version 17
VisualStudioVersion = 17.10.35013.160
MinimumVisualStudioVersion = 10.0.40219.1
Project("{FAE04EC0-301F-11D3-BF4B-00C04F79EFBC}") = "EmployeeAPIS", "EmployeeAPIS\EmployeeAPIS.csproj", "{826BEB3A-98D5-4339-84D9-2D53D22ED0CE}"
EndProject
Global
	GlobalSection(SolutionConfigurationPlatforms) = preSolution
		Debug|Any CPU = Debug|Any CPU
		Release|Any CPU = Release|Any CPU
	EndGlobalSection
	GlobalSection(ProjectConfigurationPlatforms) = postSolution
		{826BEB3A-98D5-4339-84D9-2D53D22ED0CE}.Debug|Any CPU.ActiveCfg = Debug|Any CPU
		{826BEB3A-98D5-4339-84D9-2D53D22ED0CE}.Debug|Any CPU.Build.0 = Debug|Any CPU
		{826BEB3A-98D5-4339-84D9-2D53D22ED0CE}.Release|Any CPU.ActiveCfg = Release|Any CPU
		{826BEB3A-98D5-4339-84D9-2D53D22ED0CE}.Release|Any CPU.Build.0 = Release|Any CPU
	EndGlobalSection
	GlobalSection(SolutionProperties) = preSolution
		HideSolutionNode = FALSE
	EndGlobalSection
	GlobalSection(ExtensibilityGlobals) = postSolution
		SolutionGuid = {A601C491-49C2-4EE0-A522-8C368F793189}
	EndGlobalSection
EndGlobal
